
Microsoft Visual Studio Solution File, Format Version 12.00
# Visual Studio Version 16
VisualStudioVersion = 16.0.29503.13
MinimumVisualStudioVersion = 10.0.40219.1
Project("{9A19103F-16F7-4668-BE54-9A1E7A4F7556}") = "LogControls", "LogControl\LogControls.csproj", "{D4773B07-0245-4330-A00D-19876A3DD2A6}"
EndProject
Project("{9A19103F-16F7-4668-BE54-9A1E7A4F7556}") = "DemoAppNetCore", "DemoAppNetCore\DemoAppNetCore.csproj", "{87A13316-FB1E-41AC-A360-80629055830F}"
EndProject
Global
	GlobalSection(SolutionConfigurationPlatforms) = preSolution
		Debug|Any CPU = Debug|Any CPU
		Release|Any CPU = Release|Any CPU
	EndGlobalSection
	GlobalSection(ProjectConfigurationPlatforms) = postSolution
		{D4773B07-0245-4330-A00D-19876A3DD2A6}.Debug|Any CPU.ActiveCfg = Debug|Any CPU
		{D4773B07-0245-4330-A00D-19876A3DD2A6}.Debug|Any CPU.Build.0 = Debug|Any CPU
		{D4773B07-0245-4330-A00D-19876A3DD2A6}.Release|Any CPU.ActiveCfg = Release|Any CPU
		{D4773B07-0245-4330-A00D-19876A3DD2A6}.Release|Any CPU.Build.0 = Release|Any CPU
		{87A13316-FB1E-41AC-A360-80629055830F}.Debug|Any CPU.ActiveCfg = Debug|Any CPU
		{87A13316-FB1E-41AC-A360-80629055830F}.Debug|Any CPU.Build.0 = Debug|Any CPU
		{87A13316-FB1E-41AC-A360-80629055830F}.Release|Any CPU.ActiveCfg = Release|Any CPU
		{87A13316-FB1E-41AC-A360-80629055830F}.Release|Any CPU.Build.0 = Release|Any CPU
	EndGlobalSection
	GlobalSection(SolutionProperties) = preSolution
		HideSolutionNode = FALSE
	EndGlobalSection
	GlobalSection(ExtensibilityGlobals) = postSolution
		SolutionGuid = {88116B73-E019-4176-B5FA-CAA7023BEE52}
	EndGlobalSection
EndGlobal
